
Microsoft Visual Studio Solution File, Format Version 12.00
# Visual Studio Version 17
VisualStudioVersion = 17.0.32014.148
MinimumVisualStudioVersion = 10.0.40219.1
Project("{FAE04EC0-301F-11D3-BF4B-00C04F79EFBC}") = "BinarySearchTree", "BinarySearchTree.csproj", "{A5154306-0D72-407D-9E06-654ADB2FE396}"
EndProject
Global
	GlobalSection(SolutionConfigurationPlatforms) = preSolution
		Debug|Any CPU = Debug|Any CPU
		Release|Any CPU = Release|Any CPU
	EndGlobalSection
	GlobalSection(ProjectConfigurationPlatforms) = postSolution
		{A5154306-0D72-407D-9E06-654ADB2FE396}.Debug|Any CPU.ActiveCfg = Debug|Any CPU
		{A5154306-0D72-407D-9E06-654ADB2FE396}.Debug|Any CPU.Build.0 = Debug|Any CPU
		{A5154306-0D72-407D-9E06-654ADB2FE396}.Release|Any CPU.ActiveCfg = Release|Any CPU
		{A5154306-0D72-407D-9E06-654ADB2FE396}.Release|Any CPU.Build.0 = Release|Any CPU
	EndGlobalSection
	GlobalSection(SolutionProperties) = preSolution
		HideSolutionNode = FALSE
	EndGlobalSection
	GlobalSection(ExtensibilityGlobals) = postSolution
		SolutionGuid = {AF3A3CAB-75AE-4F94-994F-71998C03FD20}
	EndGlobalSection
EndGlobal
